
Microsoft Visual Studio Solution File, Format Version 12.00
# Visual Studio Version 17
VisualStudioVersion = 17.11.35303.130
MinimumVisualStudioVersion = 10.0.40219.1
Project("{FAE04EC0-301F-11D3-BF4B-00C04F79EFBC}") = "Projects", "Projects.csproj", "{7D38ABCE-40F4-4F71-B467-9FF29B48D369}"
EndProject
Global
	GlobalSection(SolutionConfigurationPlatforms) = preSolution
		Debug|Any CPU = Debug|Any CPU
		Release|Any CPU = Release|Any CPU
	EndGlobalSection
	GlobalSection(ProjectConfigurationPlatforms) = postSolution
		{7D38ABCE-40F4-4F71-B467-9FF29B48D369}.Debug|Any CPU.ActiveCfg = Debug|Any CPU
		{7D38ABCE-40F4-4F71-B467-9FF29B48D369}.Debug|Any CPU.Build.0 = Debug|Any CPU
		{7D38ABCE-40F4-4F71-B467-9FF29B48D369}.Release|Any CPU.ActiveCfg = Release|Any CPU
		{7D38ABCE-40F4-4F71-B467-9FF29B48D369}.Release|Any CPU.Build.0 = Release|Any CPU
	EndGlobalSection
	GlobalSection(SolutionProperties) = preSolution
		HideSolutionNode = FALSE
	EndGlobalSection
	GlobalSection(ExtensibilityGlobals) = postSolution
		SolutionGuid = {00CC990E-ABAD-4CD8-9EE4-C27C94096FB9}
	EndGlobalSection
EndGlobal
